// !$*UTF8*$!
{
	archiveVersion = 1;
	classes = {
	};
	objectVersion = 50;
	objects = {

/* Begin PBXBuildFile section */
		5677C5BE210B1911002DC8BE /* AppDelegate.m in Sources */ = {isa = PBXBuildFile; fileRef = 5677C5BD210B1911002DC8BE /* AppDelegate.m */; };
		5677C5C1210B1911002DC8BE /* ViewController.m in Sources */ = {isa = PBXBuildFile; fileRef = 5677C5C0210B1911002DC8BE /* ViewController.m */; };
		5677C5C4210B1911002DC8BE /* Main.storyboard in Resources */ = {isa = PBXBuildFile; fileRef = 5677C5C2210B1911002DC8BE /* Main.storyboard */; };
		5677C5C6210B1911002DC8BE /* Assets.xcassets in Resources */ = {isa = PBXBuildFile; fileRef = 5677C5C5210B1911002DC8BE /* Assets.xcassets */; };
		5677C5C9210B1911002DC8BE /* LaunchScreen.storyboard in Resources */ = {isa = PBXBuildFile; fileRef = 5677C5C7210B1911002DC8BE /* LaunchScreen.storyboard */; };
		5677C5CC210B1911002DC8BE /* main.m in Sources */ = {isa = PBXBuildFile; fileRef = 5677C5CB210B1911002DC8BE /* main.m */; };
		5677C5D4210B19BA002DC8BE /* ZXSCircleMenuView.m in Sources */ = {isa = PBXBuildFile; fileRef = 5677C5D3210B19BA002DC8BE /* ZXSCircleMenuView.m */; };
		5677C5D7210B19C5002DC8BE /* ZXSCircleMenuModel.m in Sources */ = {isa = PBXBuildFile; fileRef = 5677C5D6210B19C5002DC8BE /* ZXSCircleMenuModel.m */; };
		5677C5D9210B19E7002DC8BE /* modeItem.plist in Resources */ = {isa = PBXBuildFile; fileRef = 5677C5D8210B19E7002DC8BE /* modeItem.plist */; };
		5677C5F1210B1A98002DC8BE /* Info.plist in Resources */ = {isa = PBXBuildFile; fileRef = 5677C5DB210B1A98002DC8BE /* Info.plist */; };
		5677C5F2210B1A98002DC8BE /* MJExtensionConst.m in Sources */ = {isa = PBXBuildFile; fileRef = 5677C5DE210B1A98002DC8BE /* MJExtensionConst.m */; };
		5677C5F3210B1A98002DC8BE /* MJFoundation.m in Sources */ = {isa = PBXBuildFile; fileRef = 5677C5E0210B1A98002DC8BE /* MJFoundation.m */; };
		5677C5F4210B1A98002DC8BE /* MJProperty.m in Sources */ = {isa = PBXBuildFile; fileRef = 5677C5E2210B1A98002DC8BE /* MJProperty.m */; };
		5677C5F5210B1A98002DC8BE /* MJPropertyKey.m in Sources */ = {isa = PBXBuildFile; fileRef = 5677C5E4210B1A98002DC8BE /* MJPropertyKey.m */; };
		5677C5F6210B1A98002DC8BE /* MJPropertyType.m in Sources */ = {isa = PBXBuildFile; fileRef = 5677C5E6210B1A98002DC8BE /* MJPropertyType.m */; };
		5677C5F7210B1A98002DC8BE /* NSObject+MJClass.m in Sources */ = {isa = PBXBuildFile; fileRef = 5677C5E8210B1A98002DC8BE /* NSObject+MJClass.m */; };
		5677C5F8210B1A98002DC8BE /* NSObject+MJCoding.m in Sources */ = {isa = PBXBuildFile; fileRef = 5677C5EA210B1A98002DC8BE /* NSObject+MJCoding.m */; };
		5677C5F9210B1A98002DC8BE /* NSObject+MJKeyValue.m in Sources */ = {isa = PBXBuildFile; fileRef = 5677C5EC210B1A98002DC8BE /* NSObject+MJKeyValue.m */; };
		5677C5FA210B1A98002DC8BE /* NSObject+MJProperty.m in Sources */ = {isa = PBXBuildFile; fileRef = 5677C5EE210B1A98002DC8BE /* NSObject+MJProperty.m */; };
		5677C5FB210B1A98002DC8BE /* NSString+MJExtension.m in Sources */ = {isa = PBXBuildFile; fileRef = 5677C5F0210B1A98002DC8BE /* NSString+MJExtension.m */; };
		5677C617210B1C1D002DC8BE /* Info.plist in Resources */ = {isa = PBXBuildFile; fileRef = 5677C5FD210B1C1D002DC8BE /* Info.plist */; };
		5677C618210B1C1D002DC8BE /* MASCompositeConstraint.m in Sources */ = {isa = PBXBuildFile; fileRef = 5677C5FF210B1C1D002DC8BE /* MASCompositeConstraint.m */; };
		5677C619210B1C1D002DC8BE /* MASConstraint.m in Sources */ = {isa = PBXBuildFile; fileRef = 5677C602210B1C1D002DC8BE /* MASConstraint.m */; };
		5677C61A210B1C1D002DC8BE /* MASConstraintMaker.m in Sources */ = {isa = PBXBuildFile; fileRef = 5677C604210B1C1D002DC8BE /* MASConstraintMaker.m */; };
		5677C61B210B1C1D002DC8BE /* MASLayoutConstraint.m in Sources */ = {isa = PBXBuildFile; fileRef = 5677C606210B1C1D002DC8BE /* MASLayoutConstraint.m */; };
		5677C61C210B1C1D002DC8BE /* MASViewAttribute.m in Sources */ = {isa = PBXBuildFile; fileRef = 5677C60A210B1C1D002DC8BE /* MASViewAttribute.m */; };
		5677C61D210B1C1D002DC8BE /* MASViewConstraint.m in Sources */ = {isa = PBXBuildFile; fileRef = 5677C60C210B1C1D002DC8BE /* MASViewConstraint.m */; };
		5677C61E210B1C1D002DC8BE /* NSArray+MASAdditions.m in Sources */ = {isa = PBXBuildFile; fileRef = 5677C60E210B1C1D002DC8BE /* NSArray+MASAdditions.m */; };
		5677C61F210B1C1D002DC8BE /* NSLayoutConstraint+MASDebugAdditions.m in Sources */ = {isa = PBXBuildFile; fileRef = 5677C611210B1C1D002DC8BE /* NSLayoutConstraint+MASDebugAdditions.m */; };
		5677C620210B1C1D002DC8BE /* View+MASAdditions.m in Sources */ = {isa = PBXBuildFile; fileRef = 5677C613210B1C1D002DC8BE /* View+MASAdditions.m */; };
		5677C621210B1C1D002DC8BE /* ViewController+MASAdditions.m in Sources */ = {isa = PBXBuildFile; fileRef = 5677C616210B1C1D002DC8BE /* ViewController+MASAdditions.m */; };
/* End PBXBuildFile section */

/* Begin PBXFileReference section */
		5677C5B9210B1911002DC8BE /* ZXSCircleMenuViewDemo.app */ = {isa = PBXFileReference; explicitFileType = wrapper.application; includeInIndex = 0; path = ZXSCircleMenuViewDemo.app; sourceTree = BUILT_PRODUCTS_DIR; };
		5677C5BC210B1911002DC8BE /* AppDelegate.h */ = {isa = PBXFileReference; lastKnownFileType = sourcecode.c.h; path = AppDelegate.h; sourceTree = "<group>"; };
		5677C5BD210B1911002DC8BE /* AppDelegate.m */ = {isa = PBXFileReference; lastKnownFileType = sourcecode.c.objc; path = AppDelegate.m; sourceTree = "<group>"; };
		5677C5BF210B1911002DC8BE /* ViewController.h */ = {isa = PBXFileReference; lastKnownFileType = sourcecode.c.h; path = ViewController.h; sourceTree = "<group>"; };
		5677C5C0210B1911002DC8BE /* ViewController.m */ = {isa = PBXFileReference; lastKnownFileType = sourcecode.c.objc; path = ViewController.m; sourceTree = "<group>"; };
		5677C5C3210B1911002DC8BE /* Base */ = {isa = PBXFileReference; lastKnownFileType = file.storyboard; name = Base; path = Base.lproj/Main.storyboard; sourceTree = "<group>"; };
		5677C5C5210B1911002DC8BE /* Assets.xcassets */ = {isa = PBXFileReference; lastKnownFileType = folder.assetcatalog; path = Assets.xcassets; sourceTree = "<group>"; };
		5677C5C8210B1911002DC8BE /* Base */ = {isa = PBXFileReference; lastKnownFileType = file.storyboard; name = Base; path = Base.lproj/LaunchScreen.storyboard; sourceTree = "<group>"; };
		5677C5CA210B1911002DC8BE /* Info.plist */ = {isa = PBXFileReference; lastKnownFileType = text.plist.xml; path = Info.plist; sourceTree = "<group>"; };
		5677C5CB210B1911002DC8BE /* main.m */ = {isa = PBXFileReference; lastKnownFileType = sourcecode.c.objc; path = main.m; sourceTree = "<group>"; };
		5677C5D2210B19BA002DC8BE /* ZXSCircleMenuView.h */ = {isa = PBXFileReference; fileEncoding = 4; lastKnownFileType = sourcecode.c.h; path = ZXSCircleMenuView.h; sourceTree = "<group>"; };
		5677C5D3210B19BA002DC8BE /* ZXSCircleMenuView.m */ = {isa = PBXFileReference; fileEncoding = 4; lastKnownFileType = sourcecode.c.objc; path = ZXSCircleMenuView.m; sourceTree = "<group>"; };
		5677C5D5210B19C5002DC8BE /* ZXSCircleMenuModel.h */ = {isa = PBXFileReference; fileEncoding = 4; lastKnownFileType = sourcecode.c.h; path = ZXSCircleMenuModel.h; sourceTree = "<group>"; };
		5677C5D6210B19C5002DC8BE /* ZXSCircleMenuModel.m */ = {isa = PBXFileReference; fileEncoding = 4; lastKnownFileType = sourcecode.c.objc; path = ZXSCircleMenuModel.m; sourceTree = "<group>"; };
		5677C5D8210B19E7002DC8BE /* modeItem.plist */ = {isa = PBXFileReference; fileEncoding = 4; lastKnownFileType = text.plist.xml; path = modeItem.plist; sourceTree = "<group>"; };
		5677C5DB210B1A98002DC8BE /* Info.plist */ = {isa = PBXFileReference; fileEncoding = 4; lastKnownFileType = text.plist.xml; path = Info.plist; sourceTree = "<group>"; };
		5677C5DC210B1A98002DC8BE /* MJExtension.h */ = {isa = PBXFileReference; fileEncoding = 4; lastKnownFileType = sourcecode.c.h; path = MJExtension.h; sourceTree = "<group>"; };
		5677C5DD210B1A98002DC8BE /* MJExtensionConst.h */ = {isa = PBXFileReference; fileEncoding = 4; lastKnownFileType = sourcecode.c.h; path = MJExtensionConst.h; sourceTree = "<group>"; };
		5677C5DE210B1A98002DC8BE /* MJExtensionConst.m */ = {isa = PBXFileReference; fileEncoding = 4; lastKnownFileType = sourcecode.c.objc; path = MJExtensionConst.m; sourceTree = "<group>"; };
		5677C5DF210B1A98002DC8BE /* MJFoundation.h */ = {isa = PBXFileReference; fileEncoding = 4; lastKnownFileType = sourcecode.c.h; path = MJFoundation.h; sourceTree = "<group>"; };
		5677C5E0210B1A98002DC8BE /* MJFoundation.m */ = {isa = PBXFileReference; fileEncoding = 4; lastKnownFileType = sourcecode.c.objc; path = MJFoundation.m; sourceTree = "<group>"; };
		5677C5E1210B1A98002DC8BE /* MJProperty.h */ = {isa = PBXFileReference; fileEncoding = 4; lastKnownFileType = sourcecode.c.h; path = MJProperty.h; sourceTree = "<group>"; };
		5677C5E2210B1A98002DC8BE /* MJProperty.m */ = {isa = PBXFileReference; fileEncoding = 4; lastKnownFileType = sourcecode.c.objc; path = MJProperty.m; sourceTree = "<group>"; };
		5677C5E3210B1A98002DC8BE /* MJPropertyKey.h */ = {isa = PBXFileReference; fileEncoding = 4; lastKnownFileType = sourcecode.c.h; path = MJPropertyKey.h; sourceTree = "<group>"; };
		5677C5E4210B1A98002DC8BE /* MJPropertyKey.m */ = {isa = PBXFileReference; fileEncoding = 4; lastKnownFileType = sourcecode.c.objc; path = MJPropertyKey.m; sourceTree = "<group>"; };
		5677C5E5210B1A98002DC8BE /* MJPropertyType.h */ = {isa = PBXFileReference; fileEncoding = 4; lastKnownFileType = sourcecode.c.h; path = MJPropertyType.h; sourceTree = "<group>"; };
		5677C5E6210B1A98002DC8BE /* MJPropertyType.m */ = {isa = PBXFileReference; fileEncoding = 4; lastKnownFileType = sourcecode.c.objc; path = MJPropertyType.m; sourceTree = "<group>"; };
		5677C5E7210B1A98002DC8BE /* NSObject+MJClass.h */ = {isa = PBXFileReference; fileEncoding = 4; lastKnownFileType = sourcecode.c.h; path = "NSObject+MJClass.h"; sourceTree = "<group>"; };
		5677C5E8210B1A98002DC8BE /* NSObject+MJClass.m */ = {isa = PBXFileReference; fileEncoding = 4; lastKnownFileType = sourcecode.c.objc; path = "NSObject+MJClass.m"; sourceTree = "<group>"; };
		5677C5E9210B1A98002DC8BE /* NSObject+MJCoding.h */ = {isa = PBXFileReference; fileEncoding = 4; lastKnownFileType = sourcecode.c.h; path = "NSObject+MJCoding.h"; sourceTree = "<group>"; };
		5677C5EA210B1A98002DC8BE /* NSObject+MJCoding.m */ = {isa = PBXFileReference; fileEncoding = 4; lastKnownFileType = sourcecode.c.objc; path = "NSObject+MJCoding.m"; sourceTree = "<group>"; };
		5677C5EB210B1A98002DC8BE /* NSObject+MJKeyValue.h */ = {isa = PBXFileReference; fileEncoding = 4; lastKnownFileType = sourcecode.c.h; path = "NSObject+MJKeyValue.h"; sourceTree = "<group>"; };
		5677C5EC210B1A98002DC8BE /* NSObject+MJKeyValue.m */ = {isa = PBXFileReference; fileEncoding = 4; lastKnownFileType = sourcecode.c.objc; path = "NSObject+MJKeyValue.m"; sourceTree = "<group>"; };
		5677C5ED210B1A98002DC8BE /* NSObject+MJProperty.h */ = {isa = PBXFileReference; fileEncoding = 4; lastKnownFileType = sourcecode.c.h; path = "NSObject+MJProperty.h"; sourceTree = "<group>"; };
		5677C5EE210B1A98002DC8BE /* NSObject+MJProperty.m */ = {isa = PBXFileReference; fileEncoding = 4; lastKnownFileType = sourcecode.c.objc; path = "NSObject+MJProperty.m"; sourceTree = "<group>"; };
		5677C5EF210B1A98002DC8BE /* NSString+MJExtension.h */ = {isa = PBXFileReference; fileEncoding = 4; lastKnownFileType = sourcecode.c.h; path = "NSString+MJExtension.h"; sourceTree = "<group>"; };
		5677C5F0210B1A98002DC8BE /* NSString+MJExtension.m */ = {isa = PBXFileReference; fileEncoding = 4; lastKnownFileType = sourcecode.c.objc; path = "NSString+MJExtension.m"; sourceTree = "<group>"; };
		5677C5FD210B1C1D002DC8BE /* Info.plist */ = {isa = PBXFileReference; fileEncoding = 4; lastKnownFileType = text.plist.xml; path = Info.plist; sourceTree = "<group>"; };
		5677C5FE210B1C1D002DC8BE /* MASCompositeConstraint.h */ = {isa = PBXFileReference; fileEncoding = 4; lastKnownFileType = sourcecode.c.h; path = MASCompositeConstraint.h; sourceTree = "<group>"; };
		5677C5FF210B1C1D002DC8BE /* MASCompositeConstraint.m */ = {isa = PBXFileReference; fileEncoding = 4; lastKnownFileType = sourcecode.c.objc; path = MASCompositeConstraint.m; sourceTree = "<group>"; };
		5677C600210B1C1D002DC8BE /* MASConstraint+Private.h */ = {isa = PBXFileReference; fileEncoding = 4; lastKnownFileType = sourcecode.c.h; path = "MASConstraint+Private.h"; sourceTree = "<group>"; };
		5677C601210B1C1D002DC8BE /* MASConstraint.h */ = {isa = PBXFileReference; fileEncoding = 4; lastKnownFileType = sourcecode.c.h; path = MASConstraint.h; sourceTree = "<group>"; };
		5677C602210B1C1D002DC8BE /* MASConstraint.m */ = {isa = PBXFileReference; fileEncoding = 4; lastKnownFileType = sourcecode.c.objc; path = MASConstraint.m; sourceTree = "<group>"; };
		5677C603210B1C1D002DC8BE /* MASConstraintMaker.h */ = {isa = PBXFileReference; fileEncoding = 4; lastKnownFileType = sourcecode.c.h; path = MASConstraintMaker.h; sourceTree = "<group>"; };
		5677C604210B1C1D002DC8BE /* MASConstraintMaker.m */ = {isa = PBXFileReference; fileEncoding = 4; lastKnownFileType = sourcecode.c.objc; path = MASConstraintMaker.m; sourceTree = "<group>"; };
		5677C605210B1C1D002DC8BE /* MASLayoutConstraint.h */ = {isa = PBXFileReference; fileEncoding = 4; lastKnownFileType = sourcecode.c.h; path = MASLayoutConstraint.h; sourceTree = "<group>"; };
		5677C606210B1C1D002DC8BE /* MASLayoutConstraint.m */ = {isa = PBXFileReference; fileEncoding = 4; lastKnownFileType = sourcecode.c.objc; path = MASLayoutConstraint.m; sourceTree = "<group>"; };
		5677C607210B1C1D002DC8BE /* Masonry.h */ = {isa = PBXFileReference; fileEncoding = 4; lastKnownFileType = sourcecode.c.h; path = Masonry.h; sourceTree = "<group>"; };
		5677C608210B1C1D002DC8BE /* MASUtilities.h */ = {isa = PBXFileReference; fileEncoding = 4; lastKnownFileType = sourcecode.c.h; path = MASUtilities.h; sourceTree = "<group>"; };
		5677C609210B1C1D002DC8BE /* MASViewAttribute.h */ = {isa = PBXFileReference; fileEncoding = 4; lastKnownFileType = sourcecode.c.h; path = MASViewAttribute.h; sourceTree = "<group>"; };
		5677C60A210B1C1D002DC8BE /* MASViewAttribute.m */ = {isa = PBXFileReference; fileEncoding = 4; lastKnownFileType = sourcecode.c.objc; path = MASViewAttribute.m; sourceTree = "<group>"; };
		5677C60B210B1C1D002DC8BE /* MASViewConstraint.h */ = {isa = PBXFileReference; fileEncoding = 4; lastKnownFileType = sourcecode.c.h; path = MASViewConstraint.h; sourceTree = "<group>"; };
		5677C60C210B1C1D002DC8BE /* MASViewConstraint.m */ = {isa = PBXFileReference; fileEncoding = 4; lastKnownFileType = sourcecode.c.objc; path = MASViewConstraint.m; sourceTree = "<group>"; };
		5677C60D210B1C1D002DC8BE /* NSArray+MASAdditions.h */ = {isa = PBXFileReference; fileEncoding = 4; lastKnownFileType = sourcecode.c.h; path = "NSArray+MASAdditions.h"; sourceTree = "<group>"; };
		5677C60E210B1C1D002DC8BE /* NSArray+MASAdditions.m */ = {isa = PBXFileReference; fileEncoding = 4; lastKnownFileType = sourcecode.c.objc; path = "NSArray+MASAdditions.m"; sourceTree = "<group>"; };
		5677C60F210B1C1D002DC8BE /* NSArray+MASShorthandAdditions.h */ = {isa = PBXFileReference; fileEncoding = 4; lastKnownFileType = sourcecode.c.h; path = "NSArray+MASShorthandAdditions.h"; sourceTree = "<group>"; };
		5677C610210B1C1D002DC8BE /* NSLayoutConstraint+MASDebugAdditions.h */ = {isa = PBXFileReference; fileEncoding = 4; lastKnownFileType = sourcecode.c.h; path = "NSLayoutConstraint+MASDebugAdditions.h"; sourceTree = "<group>"; };
		5677C611210B1C1D002DC8BE /* NSLayoutConstraint+MASDebugAdditions.m */ = {isa = PBXFileReference; fileEncoding = 4; lastKnownFileType = sourcecode.c.objc; path = "NSLayoutConstraint+MASDebugAdditions.m"; sourceTree = "<group>"; };
		5677C612210B1C1D002DC8BE /* View+MASAdditions.h */ = {isa = PBXFileReference; fileEncoding = 4; lastKnownFileType = sourcecode.c.h; path = "View+MASAdditions.h"; sourceTree = "<group>"; };
		5677C613210B1C1D002DC8BE /* View+MASAdditions.m */ = {isa = PBXFileReference; fileEncoding = 4; lastKnownFileType = sourcecode.c.objc; path = "View+MASAdditions.m"; sourceTree = "<group>"; };
		5677C614210B1C1D002DC8BE /* View+MASShorthandAdditions.h */ = {isa = PBXFileReference; fileEncoding = 4; lastKnownFileType = sourcecode.c.h; path = "View+MASShorthandAdditions.h"; sourceTree = "<group>"; };
		5677C615210B1C1D002DC8BE /* ViewController+MASAdditions.h */ = {isa = PBXFileReference; fileEncoding = 4; lastKnownFileType = sourcecode.c.h; path = "ViewController+MASAdditions.h"; sourceTree = "<group>"; };
		5677C616210B1C1D002DC8BE /* ViewController+MASAdditions.m */ = {isa = PBXFileReference; fileEncoding = 4; lastKnownFileType = sourcecode.c.objc; path = "ViewController+MASAdditions.m"; sourceTree = "<group>"; };
/* End PBXFileReference section */

/* Begin PBXFrameworksBuildPhase section */
		5677C5B6210B1911002DC8BE /* Frameworks */ = {
			isa = PBXFrameworksBuildPhase;
			buildActionMask = 2147483647;
			files = (
			);
			runOnlyForDeploymentPostprocessing = 0;
		};
/* End PBXFrameworksBuildPhase section */

/* Begin PBXGroup section */
		5677C5B0210B1911002DC8BE = {
			isa = PBXGroup;
			children = (
				5677C5BB210B1911002DC8BE /* ZXSCircleMenuViewDemo */,
				5677C5BA210B1911002DC8BE /* Products */,
			);
			sourceTree = "<group>";
		};
		5677C5BA210B1911002DC8BE /* Products */ = {
			isa = PBXGroup;
			children = (
				5677C5B9210B1911002DC8BE /* ZXSCircleMenuViewDemo.app */,
			);
			name = Products;
			sourceTree = "<group>";
		};
		5677C5BB210B1911002DC8BE /* ZXSCircleMenuViewDemo */ = {
			isa = PBXGroup;
			children = (
				5677C5BC210B1911002DC8BE /* AppDelegate.h */,
				5677C5BD210B1911002DC8BE /* AppDelegate.m */,
				5677C5D2210B19BA002DC8BE /* ZXSCircleMenuView.h */,
				5677C5D3210B19BA002DC8BE /* ZXSCircleMenuView.m */,
				5677C5D5210B19C5002DC8BE /* ZXSCircleMenuModel.h */,
				5677C5D6210B19C5002DC8BE /* ZXSCircleMenuModel.m */,
				5677C5D8210B19E7002DC8BE /* modeItem.plist */,
				5677C5BF210B1911002DC8BE /* ViewController.h */,
				5677C5C0210B1911002DC8BE /* ViewController.m */,
				5677C5FC210B1C1D002DC8BE /* Masonry */,
				5677C5DA210B1A98002DC8BE /* MJExtension */,
				5677C5C2210B1911002DC8BE /* Main.storyboard */,
				5677C5C5210B1911002DC8BE /* Assets.xcassets */,
				5677C5C7210B1911002DC8BE /* LaunchScreen.storyboard */,
				5677C5CA210B1911002DC8BE /* Info.plist */,
				5677C5CB210B1911002DC8BE /* main.m */,
			);
			path = ZXSCircleMenuViewDemo;
			sourceTree = "<group>";
		};
		5677C5DA210B1A98002DC8BE /* MJExtension */ = {
			isa = PBXGroup;
			children = (
				5677C5DB210B1A98002DC8BE /* Info.plist */,
				5677C5DC210B1A98002DC8BE /* MJExtension.h */,
				5677C5DD210B1A98002DC8BE /* MJExtensionConst.h */,
				5677C5DE210B1A98002DC8BE /* MJExtensionConst.m */,
				5677C5DF210B1A98002DC8BE /* MJFoundation.h */,
				5677C5E0210B1A98002DC8BE /* MJFoundation.m */,
				5677C5E1210B1A98002DC8BE /* MJProperty.h */,
				5677C5E2210B1A98002DC8BE /* MJProperty.m */,
				5677C5E3210B1A98002DC8BE /* MJPropertyKey.h */,
				5677C5E4210B1A98002DC8BE /* MJPropertyKey.m */,
				5677C5E5210B1A98002DC8BE /* MJPropertyType.h */,
				5677C5E6210B1A98002DC8BE /* MJPropertyType.m */,
				5677C5E7210B1A98002DC8BE /* NSObject+MJClass.h */,
				5677C5E8210B1A98002DC8BE /* NSObject+MJClass.m */,
				5677C5E9210B1A98002DC8BE /* NSObject+MJCoding.h */,
				5677C5EA210B1A98002DC8BE /* NSObject+MJCoding.m */,
				5677C5EB210B1A98002DC8BE /* NSObject+MJKeyValue.h */,
				5677C5EC210B1A98002DC8BE /* NSObject+MJKeyValue.m */,
				5677C5ED210B1A98002DC8BE /* NSObject+MJProperty.h */,
				5677C5EE210B1A98002DC8BE /* NSObject+MJProperty.m */,
				5677C5EF210B1A98002DC8BE /* NSString+MJExtension.h */,
				5677C5F0210B1A98002DC8BE /* NSString+MJExtension.m */,
			);
			path = MJExtension;
			sourceTree = "<group>";
		};
		5677C5FC210B1C1D002DC8BE /* Masonry */ = {
			isa = PBXGroup;
			children = (
				5677C5FD210B1C1D002DC8BE /* Info.plist */,
				5677C5FE210B1C1D002DC8BE /* MASCompositeConstraint.h */,
				5677C5FF210B1C1D002DC8BE /* MASCompositeConstraint.m */,
				5677C600210B1C1D002DC8BE /* MASConstraint+Private.h */,
				5677C601210B1C1D002DC8BE /* MASConstraint.h */,
				5677C602210B1C1D002DC8BE /* MASConstraint.m */,
				5677C603210B1C1D002DC8BE /* MASConstraintMaker.h */,
				5677C604210B1C1D002DC8BE /* MASConstraintMaker.m */,
				5677C605210B1C1D002DC8BE /* MASLayoutConstraint.h */,
				5677C606210B1C1D002DC8BE /* MASLayoutConstraint.m */,
				5677C607210B1C1D002DC8BE /* Masonry.h */,
				5677C608210B1C1D002DC8BE /* MASUtilities.h */,
				5677C609210B1C1D002DC8BE /* MASViewAttribute.h */,
				5677C60A210B1C1D002DC8BE /* MASViewAttribute.m */,
				5677C60B210B1C1D002DC8BE /* MASViewConstraint.h */,
				5677C60C210B1C1D002DC8BE /* MASViewConstraint.m */,
				5677C60D210B1C1D002DC8BE /* NSArray+MASAdditions.h */,
				5677C60E210B1C1D002DC8BE /* NSArray+MASAdditions.m */,
				5677C60F210B1C1D002DC8BE /* NSArray+MASShorthandAdditions.h */,
				5677C610210B1C1D002DC8BE /* NSLayoutConstraint+MASDebugAdditions.h */,
				5677C611210B1C1D002DC8BE /* NSLayoutConstraint+MASDebugAdditions.m */,
				5677C612210B1C1D002DC8BE /* View+MASAdditions.h */,
				5677C613210B1C1D002DC8BE /* View+MASAdditions.m */,
				5677C614210B1C1D002DC8BE /* View+MASShorthandAdditions.h */,
				5677C615210B1C1D002DC8BE /* ViewController+MASAdditions.h */,
				5677C616210B1C1D002DC8BE /* ViewController+MASAdditions.m */,
			);
			path = Masonry;
			sourceTree = "<group>";
		};
/* End PBXGroup section */

/* Begin PBXNativeTarget section */
		5677C5B8210B1911002DC8BE /* ZXSCircleMenuViewDemo */ = {
			isa = PBXNativeTarget;
			buildConfigurationList = 5677C5CF210B1911002DC8BE /* Build configuration list for PBXNativeTarget "ZXSCircleMenuViewDemo" */;
			buildPhases = (
				5677C5B5210B1911002DC8BE /* Sources */,
				5677C5B6210B1911002DC8BE /* Frameworks */,
				5677C5B7210B1911002DC8BE /* Resources */,
			);
			buildRules = (
			);
			dependencies = (
			);
			name = ZXSCircleMenuViewDemo;
			productName = ZXSCircleMenuViewDemo;
			productReference = 5677C5B9210B1911002DC8BE /* ZXSCircleMenuViewDemo.app */;
			productType = "com.apple.product-type.application";
		};
/* End PBXNativeTarget section */

/* Begin PBXProject section */
		5677C5B1210B1911002DC8BE /* Project object */ = {
			isa = PBXProject;
			attributes = {
				LastUpgradeCheck = 0940;
				ORGANIZATIONNAME = CoderZXS;
				TargetAttributes = {
					5677C5B8210B1911002DC8BE = {
						CreatedOnToolsVersion = 9.4.1;
					};
				};
			};
			buildConfigurationList = 5677C5B4210B1911002DC8BE /* Build configuration list for PBXProject "ZXSCircleMenuViewDemo" */;
			compatibilityVersion = "Xcode 9.3";
			developmentRegion = en;
			hasScannedForEncodings = 0;
			knownRegions = (
				en,
				Base,
			);
			mainGroup = 5677C5B0210B1911002DC8BE;
			productRefGroup = 5677C5BA210B1911002DC8BE /* Products */;
			projectDirPath = "";
			projectRoot = "";
			targets = (
				5677C5B8210B1911002DC8BE /* ZXSCircleMenuViewDemo */,
			);
		};
/* End PBXProject section */

/* Begin PBXResourcesBuildPhase section */
		5677C5B7210B1911002DC8BE /* Resources */ = {
			isa = PBXResourcesBuildPhase;
			buildActionMask = 2147483647;
			files = (
				5677C5D9210B19E7002DC8BE /* modeItem.plist in Resources */,
				5677C5C9210B1911002DC8BE /* LaunchScreen.storyboard in Resources */,
				5677C617210B1C1D002DC8BE /* Info.plist in Resources */,
				5677C5C6210B1911002DC8BE /* Assets.xcassets in Resources */,
				5677C5F1210B1A98002DC8BE /* Info.plist in Resources */,
				5677C5C4210B1911002DC8BE /* Main.storyboard in Resources */,
			);
			runOnlyForDeploymentPostprocessing = 0;
		};
/* End PBXResourcesBuildPhase section */

/* Begin PBXSourcesBuildPhase section */
		5677C5B5210B1911002DC8BE /* Sources */ = {
			isa = PBXSourcesBuildPhase;
			buildActionMask = 2147483647;
			files = (
				5677C5C1210B1911002DC8BE /* ViewController.m in Sources */,
				5677C5F3210B1A98002DC8BE /* MJFoundation.m in Sources */,
				5677C5F9210B1A98002DC8BE /* NSObject+MJKeyValue.m in Sources */,
				5677C5D4210B19BA002DC8BE /* ZXSCircleMenuView.m in Sources */,
				5677C5F4210B1A98002DC8BE /* MJProperty.m in Sources */,
				5677C61C210B1C1D002DC8BE /* MASViewAttribute.m in Sources */,
				5677C61B210B1C1D002DC8BE /* MASLayoutConstraint.m in Sources */,
				5677C61F210B1C1D002DC8BE /* NSLayoutConstraint+MASDebugAdditions.m in Sources */,
				5677C61A210B1C1D002DC8BE /* MASConstraintMaker.m in Sources */,
				5677C5F5210B1A98002DC8BE /* MJPropertyKey.m in Sources */,
				5677C5F6210B1A98002DC8BE /* MJPropertyType.m in Sources */,
				5677C621210B1C1D002DC8BE /* ViewController+MASAdditions.m in Sources */,
				5677C5F7210B1A98002DC8BE /* NSObject+MJClass.m in Sources */,
				5677C5FB210B1A98002DC8BE /* NSString+MJExtension.m in Sources */,
				5677C5CC210B1911002DC8BE /* main.m in Sources */,
				5677C5FA210B1A98002DC8BE /* NSObject+MJProperty.m in Sources */,
				5677C5F8210B1A98002DC8BE /* NSObject+MJCoding.m in Sources */,
				5677C618210B1C1D002DC8BE /* MASCompositeConstraint.m in Sources */,
				5677C61E210B1C1D002DC8BE /* NSArray+MASAdditions.m in Sources */,
				5677C5D7210B19C5002DC8BE /* ZXSCircleMenuModel.m in Sources */,
				5677C5F2210B1A98002DC8BE /* MJExtensionConst.m in Sources */,
				5677C620210B1C1D002DC8BE /* View+MASAdditions.m in Sources */,
				5677C61D210B1C1D002DC8BE /* MASViewConstraint.m in Sources */,
				5677C619210B1C1D002DC8BE /* MASConstraint.m in Sources */,
				5677C5BE210B1911002DC8BE /* AppDelegate.m in Sources */,
			);
			runOnlyForDeploymentPostprocessing = 0;
		};
/* End PBXSourcesBuildPhase section */

/* Begin PBXVariantGroup section */
		5677C5C2210B1911002DC8BE /* Main.storyboard */ = {
			isa = PBXVariantGroup;
			children = (
				5677C5C3210B1911002DC8BE /* Base */,
			);
			name = Main.storyboard;
			sourceTree = "<group>";
		};
		5677C5C7210B1911002DC8BE /* LaunchScreen.storyboard */ = {
			isa = PBXVariantGroup;
			children = (
				5677C5C8210B1911002DC8BE /* Base */,
			);
			name = LaunchScreen.storyboard;
			sourceTree = "<group>";
		};
/* End PBXVariantGroup section */

/* Begin XCBuildConfiguration section */
		5677C5CD210B1911002DC8BE /* Debug */ = {
			isa = XCBuildConfiguration;
			buildSettings = {
				ALWAYS_SEARCH_USER_PATHS = NO;
				CLANG_ANALYZER_NONNULL = YES;
				CLANG_ANALYZER_NUMBER_OBJECT_CONVERSION = YES_AGGRESSIVE;
				CLANG_CXX_LANGUAGE_STANDARD = "gnu++14";
				CLANG_CXX_LIBRARY = "libc++";
				CLANG_ENABLE_MODULES = YES;
				CLANG_ENABLE_OBJC_ARC = YES;
				CLANG_ENABLE_OBJC_WEAK = YES;
				CLANG_WARN_BLOCK_CAPTURE_AUTORELEASING = YES;
				CLANG_WARN_BOOL_CONVERSION = YES;
				CLANG_WARN_COMMA = YES;
				CLANG_WARN_CONSTANT_CONVERSION = YES;
				CLANG_WARN_DEPRECATED_OBJC_IMPLEMENTATIONS = YES;
				CLANG_WARN_DIRECT_OBJC_ISA_USAGE = YES_ERROR;
				CLANG_WARN_DOCUMENTATION_COMMENTS = YES;
				CLANG_WARN_EMPTY_BODY = YES;
				CLANG_WARN_ENUM_CONVERSION = YES;
				CLANG_WARN_INFINITE_RECURSION = YES;
				CLANG_WARN_INT_CONVERSION = YES;
				CLANG_WARN_NON_LITERAL_NULL_CONVERSION = YES;
				CLANG_WARN_OBJC_IMPLICIT_RETAIN_SELF = YES;
				CLANG_WARN_OBJC_LITERAL_CONVERSION = YES;
				CLANG_WARN_OBJC_ROOT_CLASS = YES_ERROR;
				CLANG_WARN_RANGE_LOOP_ANALYSIS = YES;
				CLANG_WARN_STRICT_PROTOTYPES = YES;
				CLANG_WARN_SUSPICIOUS_MOVE = YES;
				CLANG_WARN_UNGUARDED_AVAILABILITY = YES_AGGRESSIVE;
				CLANG_WARN_UNREACHABLE_CODE = YES;
				CLANG_WARN__DUPLICATE_METHOD_MATCH = YES;
				CODE_SIGN_IDENTITY = "iPhone Developer";
				COPY_PHASE_STRIP = NO;
				DEBUG_INFORMATION_FORMAT = dwarf;
				ENABLE_STRICT_OBJC_MSGSEND = YES;
				ENABLE_TESTABILITY = YES;
				GCC_C_LANGUAGE_STANDARD = gnu11;
				GCC_DYNAMIC_NO_PIC = NO;
				GCC_NO_COMMON_BLOCKS = YES;
				GCC_OPTIMIZATION_LEVEL = 0;
				GCC_PREPROCESSOR_DEFINITIONS = (
					"DEBUG=1",
					"$(inherited)",
				);
				GCC_WARN_64_TO_32_BIT_CONVERSION = YES;
				GCC_WARN_ABOUT_RETURN_TYPE = YES_ERROR;
				GCC_WARN_UNDECLARED_SELECTOR = YES;
				GCC_WARN_UNINITIALIZED_AUTOS = YES_AGGRESSIVE;
				GCC_WARN_UNUSED_FUNCTION = YES;
				GCC_WARN_UNUSED_VARIABLE = YES;
				IPHONEOS_DEPLOYMENT_TARGET = 11.4;
				MTL_ENABLE_DEBUG_INFO = YES;
				ONLY_ACTIVE_ARCH = YES;
				SDKROOT = iphoneos;
			};
			name = Debug;
		};
		5677C5CE210B1911002DC8BE /* Release */ = {
			isa = XCBuildConfiguration;
			buildSettings = {
				ALWAYS_SEARCH_USER_PATHS = NO;
				CLANG_ANALYZER_NONNULL = YES;
				CLANG_ANALYZER_NUMBER_OBJECT_CONVERSION = YES_AGGRESSIVE;
				CLANG_CXX_LANGUAGE_STANDARD = "gnu++14";
				CLANG_CXX_LIBRARY = "libc++";
				CLANG_ENABLE_MODULES = YES;
				CLANG_ENABLE_OBJC_ARC = YES;
				CLANG_ENABLE_OBJC_WEAK = YES;
				CLANG_WARN_BLOCK_CAPTURE_AUTORELEASING = YES;
				CLANG_WARN_BOOL_CONVERSION = YES;
				CLANG_WARN_COMMA = YES;
				CLANG_WARN_CONSTANT_CONVERSION = YES;
				CLANG_WARN_DEPRECATED_OBJC_IMPLEMENTATIONS = YES;
				CLANG_WARN_DIRECT_OBJC_ISA_USAGE = YES_ERROR;
				CLANG_WARN_DOCUMENTATION_COMMENTS = YES;
				CLANG_WARN_EMPTY_BODY = YES;
				CLANG_WARN_ENUM_CONVERSION = YES;
				CLANG_WARN_INFINITE_RECURSION = YES;
				CLANG_WARN_INT_CONVERSION = YES;
				CLANG_WARN_NON_LITERAL_NULL_CONVERSION = YES;
				CLANG_WARN_OBJC_IMPLICIT_RETAIN_SELF = YES;
				CLANG_WARN_OBJC_LITERAL_CONVERSION = YES;
				CLANG_WARN_OBJC_ROOT_CLASS = YES_ERROR;
				CLANG_WARN_RANGE_LOOP_ANALYSIS = YES;
				CLANG_WARN_STRICT_PROTOTYPES = YES;
				CLANG_WARN_SUSPICIOUS_MOVE = YES;
				CLANG_WARN_UNGUARDED_AVAILABILITY = YES_AGGRESSIVE;
				CLANG_WARN_UNREACHABLE_CODE = YES;
				CLANG_WARN__DUPLICATE_METHOD_MATCH = YES;
				CODE_SIGN_IDENTITY = "iPhone Developer";
				COPY_PHASE_STRIP = NO;
				DEBUG_INFORMATION_FORMAT = "dwarf-with-dsym";
				ENABLE_NS_ASSERTIONS = NO;
				ENABLE_STRICT_OBJC_MSGSEND = YES;
				GCC_C_LANGUAGE_STANDARD = gnu11;
				GCC_NO_COMMON_BLOCKS = YES;
				GCC_WARN_64_TO_32_BIT_CONVERSION = YES;
				GCC_WARN_ABOUT_RETURN_TYPE = YES_ERROR;
				GCC_WARN_UNDECLARED_SELECTOR = YES;
				GCC_WARN_UNINITIALIZED_AUTOS = YES_AGGRESSIVE;
				GCC_WARN_UNUSED_FUNCTION = YES;
				GCC_WARN_UNUSED_VARIABLE = YES;
				IPHONEOS_DEPLOYMENT_TARGET = 11.4;
				MTL_ENABLE_DEBUG_INFO = NO;
				SDKROOT = iphoneos;
				VALIDATE_PRODUCT = YES;
			};
			name = Release;
		};
		5677C5D0210B1911002DC8BE /* Debug */ = {
			isa = XCBuildConfiguration;
			buildSettings = {
				ASSETCATALOG_COMPILER_APPICON_NAME = AppIcon;
				CODE_SIGN_STYLE = Automatic;
				INFOPLIST_FILE = ZXSCircleMenuViewDemo/Info.plist;
				LD_RUNPATH_SEARCH_PATHS = (
					"$(inherited)",
					"@executable_path/Frameworks",
				);
				PRODUCT_BUNDLE_IDENTIFIER = "com.coderzxs-foxmail.ZXSCircleMenuViewDemo";
				PRODUCT_NAME = "$(TARGET_NAME)";
				TARGETED_DEVICE_FAMILY = "1,2";
			};
			name = Debug;
		};
		5677C5D1210B1911002DC8BE /* Release */ = {
			isa = XCBuildConfiguration;
			buildSettings = {
				ASSETCATALOG_COMPILER_APPICON_NAME = AppIcon;
				CODE_SIGN_STYLE = Automatic;
				INFOPLIST_FILE = ZXSCircleMenuViewDemo/Info.plist;
				LD_RUNPATH_SEARCH_PATHS = (
					"$(inherited)",
					"@executable_path/Frameworks",
				);
				PRODUCT_BUNDLE_IDENTIFIER = "com.coderzxs-foxmail.ZXSCircleMenuViewDemo";
				PRODUCT_NAME = "$(TARGET_NAME)";
				TARGETED_DEVICE_FAMILY = "1,2";
			};
			name = Release;
		};
/* End XCBuildConfiguration section */

/* Begin XCConfigurationList section */
		5677C5B4210B1911002DC8BE /* Build configuration list for PBXProject "ZXSCircleMenuViewDemo" */ = {
			isa = XCConfigurationList;
			buildConfigurations = (
				5677C5CD210B1911002DC8BE /* Debug */,
				5677C5CE210B1911002DC8BE /* Release */,
			);
			defaultConfigurationIsVisible = 0;
			defaultConfigurationName = Release;
		};
		5677C5CF210B1911002DC8BE /* Build configuration list for PBXNativeTarget "ZXSCircleMenuViewDemo" */ = {
			isa = XCConfigurationList;
			buildConfigurations = (
				5677C5D0210B1911002DC8BE /* Debug */,
				5677C5D1210B1911002DC8BE /* Release */,
			);
			defaultConfigurationIsVisible = 0;
			defaultConfigurationName = Release;
		};
/* End XCConfigurationList section */
	};
	rootObject = 5677C5B1210B1911002DC8BE /* Project object */;
}
